{
  "name": "eutsiv-ui-docs",
  "requires": true,
  "lockfileVersion": 1,
  "dependencies": {
    "mithril": {
      "version": "2.0.0-rc.7",
      "resolved": "https://registry.npmjs.org/mithril/-/mithril-2.0.0-rc.7.tgz",
      "integrity": "sha512-z2nCsf6MFI829agN61rCkYcjhd1h2+KmcmTGsN8EfMSCqcz70sxtAThgP5hCdrZDStnhgaA32GrrM7QH4WGbUw=="
    },
    "systemjs": {
      "version": "2.1.1",
      "resolved": "https://registry.npmjs.org/systemjs/-/systemjs-2.1.1.tgz",
      "integrity": "sha512-T8bqkkIl56bLGrMzQh3+Ug2Oxg7NSyj+JFHv5Gi8V81mQr5XQKHEDooqvixbchYM9ZoeZedJFCMiPyN+nIEj4Q=="
    }
  }
}
